// !$*UTF8*$!
{
	archiveVersion = 1;
	classes = {
	};
	objectVersion = 50;
	objects = {

/* Begin PBXBuildFile section */
		C066ED8B2099C98F00CB87FC /* CHMConversationController.m in Sources */ = {isa = PBXBuildFile; fileRef = C066ED892099C98F00CB87FC /* CHMConversationController.m */; };
		C066ED8C2099C98F00CB87FC /* CHMConversationController.xib in Resources */ = {isa = PBXBuildFile; fileRef = C066ED8A2099C98F00CB87FC /* CHMConversationController.xib */; };
		C066ED912099E2C500CB87FC /* CHMAccountSettingController.m in Sources */ = {isa = PBXBuildFile; fileRef = C066ED8F2099E2C500CB87FC /* CHMAccountSettingController.m */; };
		C066ED972099E45500CB87FC /* CHMAccountSettingCell.m in Sources */ = {isa = PBXBuildFile; fileRef = C066ED952099E45500CB87FC /* CHMAccountSettingCell.m */; };
		C066ED982099E45500CB87FC /* CHMAccountSettingCell.xib in Resources */ = {isa = PBXBuildFile; fileRef = C066ED962099E45500CB87FC /* CHMAccountSettingCell.xib */; };
		C066ED9C2099E47600CB87FC /* CHMLogoutCell.m in Sources */ = {isa = PBXBuildFile; fileRef = C066ED9A2099E47600CB87FC /* CHMLogoutCell.m */; };
		C066ED9D2099E47600CB87FC /* CHMLogoutCell.xib in Resources */ = {isa = PBXBuildFile; fileRef = C066ED9B2099E47600CB87FC /* CHMLogoutCell.xib */; };
		C066EDA2209A7B7300CB87FC /* CHMContactCell.m in Sources */ = {isa = PBXBuildFile; fileRef = C066EDA0209A7B7300CB87FC /* CHMContactCell.m */; };
		C066EDA3209A7B7300CB87FC /* CHMContactCell.xib in Resources */ = {isa = PBXBuildFile; fileRef = C066EDA1209A7B7300CB87FC /* CHMContactCell.xib */; };
		C066EDA6209A7E7600CB87FC /* CHMSectionHeaderView.m in Sources */ = {isa = PBXBuildFile; fileRef = C066EDA5209A7E7600CB87FC /* CHMSectionHeaderView.m */; };
		C066EDAA209A804F00CB87FC /* UILabel+CHMLabel.m in Sources */ = {isa = PBXBuildFile; fileRef = C066EDA9209A804F00CB87FC /* UILabel+CHMLabel.m */; };
		C066EDAE209A82EB00CB87FC /* CHMFriendModel.m in Sources */ = {isa = PBXBuildFile; fileRef = C066EDAD209A82EB00CB87FC /* CHMFriendModel.m */; };
		C066EDB3209A862300CB87FC /* CHMUserDetailController.m in Sources */ = {isa = PBXBuildFile; fileRef = C066EDB1209A862300CB87FC /* CHMUserDetailController.m */; };
		C066EDB4209A862300CB87FC /* CHMUserDetailController.xib in Resources */ = {isa = PBXBuildFile; fileRef = C066EDB2209A862300CB87FC /* CHMUserDetailController.xib */; };
		C066EDB7209A9C7E00CB87FC /* CHMContactHeaderView.m in Sources */ = {isa = PBXBuildFile; fileRef = C066EDB6209A9C7E00CB87FC /* CHMContactHeaderView.m */; };
		C066EDB9209A9C8F00CB87FC /* CHMContactHeaderView.xib in Resources */ = {isa = PBXBuildFile; fileRef = C066EDB8209A9C8F00CB87FC /* CHMContactHeaderView.xib */; };
		C066EDBD209AB6E300CB87FC /* CHMUserDetailFooter.m in Sources */ = {isa = PBXBuildFile; fileRef = C066EDBC209AB6E300CB87FC /* CHMUserDetailFooter.m */; };
		C066EDBF209AB6EE00CB87FC /* CHMUserDetailFooter.xib in Resources */ = {isa = PBXBuildFile; fileRef = C066EDBE209AB6EE00CB87FC /* CHMUserDetailFooter.xib */; };
		C066EDC4209BDCEB00CB87FC /* CHMSelectMemberController.m in Sources */ = {isa = PBXBuildFile; fileRef = C066EDC2209BDCEB00CB87FC /* CHMSelectMemberController.m */; };
		C066EDC8209BDE5800CB87FC /* CHMBarButtonItem.m in Sources */ = {isa = PBXBuildFile; fileRef = C066EDC7209BDE5800CB87FC /* CHMBarButtonItem.m */; };
		C066EDCC209BE31600CB87FC /* KxMenu.m in Sources */ = {isa = PBXBuildFile; fileRef = C066EDCA209BE31600CB87FC /* KxMenu.m */; };
		C066EDD0209BE4AD00CB87FC /* UIImage+CHMImage.m in Sources */ = {isa = PBXBuildFile; fileRef = C066EDCF209BE4AD00CB87FC /* UIImage+CHMImage.m */; };
		C0EAA5D72097E8210046F05C /* CHMHttpTool.m in Sources */ = {isa = PBXBuildFile; fileRef = C0EAA5D62097E8210046F05C /* CHMHttpTool.m */; };
		C0EAA5ED20981EE70046F05C /* CHMLoginController.m in Sources */ = {isa = PBXBuildFile; fileRef = C0EAA5EB20981EE70046F05C /* CHMLoginController.m */; };
		C0EAA5EE20981EE70046F05C /* CHMLoginController.xib in Resources */ = {isa = PBXBuildFile; fileRef = C0EAA5EC20981EE70046F05C /* CHMLoginController.xib */; };
		C0EAA5F2209823F40046F05C /* CHMRegisterController.m in Sources */ = {isa = PBXBuildFile; fileRef = C0EAA5F0209823F40046F05C /* CHMRegisterController.m */; };
		C0EAA5F3209823F40046F05C /* CHMRegisterController.xib in Resources */ = {isa = PBXBuildFile; fileRef = C0EAA5F1209823F40046F05C /* CHMRegisterController.xib */; };
		C0EAA5F62098259D0046F05C /* CHMRongTokenResponse.m in Sources */ = {isa = PBXBuildFile; fileRef = C0EAA5F52098259D0046F05C /* CHMRongTokenResponse.m */; };
		C0EAA5F92098270B0046F05C /* CHMProgressHUD.m in Sources */ = {isa = PBXBuildFile; fileRef = C0EAA5F82098270B0046F05C /* CHMProgressHUD.m */; };
		C0EAA5FE20984F2D0046F05C /* CHMMainController.m in Sources */ = {isa = PBXBuildFile; fileRef = C0EAA5FC20984F2D0046F05C /* CHMMainController.m */; };
		C0EAA601209859960046F05C /* Main.storyboard in Resources */ = {isa = PBXBuildFile; fileRef = C0EAA600209859960046F05C /* Main.storyboard */; };
		C0EAA60820985DCC0046F05C /* CHMChatRoomController.m in Sources */ = {isa = PBXBuildFile; fileRef = C0EAA60720985DCC0046F05C /* CHMChatRoomController.m */; };
		C0EAA60B20985DDD0046F05C /* CHMContactsController.m in Sources */ = {isa = PBXBuildFile; fileRef = C0EAA60A20985DDD0046F05C /* CHMContactsController.m */; };
		C0EAA60E20985DEE0046F05C /* CHMConversationListController.m in Sources */ = {isa = PBXBuildFile; fileRef = C0EAA60D20985DEE0046F05C /* CHMConversationListController.m */; };
		C0EAA617209866D60046F05C /* UIColor+CHMColor.m in Sources */ = {isa = PBXBuildFile; fileRef = C0EAA616209866D60046F05C /* UIColor+CHMColor.m */; };
		C0EAA621209870E10046F05C /* RCUnderlineTextField.m in Sources */ = {isa = PBXBuildFile; fileRef = C0EAA61D209870E10046F05C /* RCUnderlineTextField.m */; };
		C0EAA622209870E10046F05C /* CHMTableViewController.m in Sources */ = {isa = PBXBuildFile; fileRef = C0EAA620209870E10046F05C /* CHMTableViewController.m */; };
		C0EAA6252098713E0046F05C /* CHMMineController.m in Sources */ = {isa = PBXBuildFile; fileRef = C0EAA6242098713E0046F05C /* CHMMineController.m */; };
		C0EAA62A2098723B0046F05C /* CHMMineDetailCell.m in Sources */ = {isa = PBXBuildFile; fileRef = C0EAA6282098723B0046F05C /* CHMMineDetailCell.m */; };
		C0EAA62B2098723B0046F05C /* CHMMineDetailCell.xib in Resources */ = {isa = PBXBuildFile; fileRef = C0EAA6292098723B0046F05C /* CHMMineDetailCell.xib */; };
		C0EAA62F209872520046F05C /* CHMMineItemCell.m in Sources */ = {isa = PBXBuildFile; fileRef = C0EAA62D209872520046F05C /* CHMMineItemCell.m */; };
		C0EAA630209872520046F05C /* CHMMineItemCell.xib in Resources */ = {isa = PBXBuildFile; fileRef = C0EAA62E209872520046F05C /* CHMMineItemCell.xib */; };
		C0EAA63B2098819F0046F05C /* UIImageView+CHMImageView.m in Sources */ = {isa = PBXBuildFile; fileRef = C0EAA63A2098819F0046F05C /* UIImageView+CHMImageView.m */; };
		C0EAA6402098B63D0046F05C /* CHMChatRoomCell.m in Sources */ = {isa = PBXBuildFile; fileRef = C0EAA63E2098B63D0046F05C /* CHMChatRoomCell.m */; };
		C0EAA6412098B63D0046F05C /* CHMChatRoomCell.xib in Resources */ = {isa = PBXBuildFile; fileRef = C0EAA63F2098B63D0046F05C /* CHMChatRoomCell.xib */; };
		C0EAA6442098B7C80046F05C /* CHMChatRoomModel.m in Sources */ = {isa = PBXBuildFile; fileRef = C0EAA6432098B7C80046F05C /* CHMChatRoomModel.m */; };
		C0EFDB9C209C050100848710 /* CHMSelectMemberCell.m in Sources */ = {isa = PBXBuildFile; fileRef = C0EFDB9A209C050100848710 /* CHMSelectMemberCell.m */; };
		C0EFDB9D209C050100848710 /* CHMSelectMemberCell.xib in Resources */ = {isa = PBXBuildFile; fileRef = C0EFDB9B209C050100848710 /* CHMSelectMemberCell.xib */; };
		C0EFDBA1209C142500848710 /* CHMCreateGroupController.m in Sources */ = {isa = PBXBuildFile; fileRef = C0EFDB9F209C142500848710 /* CHMCreateGroupController.m */; };
		C0EFDBA2209C142500848710 /* CHMCreateGroupController.xib in Resources */ = {isa = PBXBuildFile; fileRef = C0EFDBA0209C142500848710 /* CHMCreateGroupController.xib */; };
		C0F25A562095BC1800C6BCA6 /* AppDelegate.m in Sources */ = {isa = PBXBuildFile; fileRef = C0F25A552095BC1800C6BCA6 /* AppDelegate.m */; };
		C0F25A5E2095BC1900C6BCA6 /* Assets.xcassets in Resources */ = {isa = PBXBuildFile; fileRef = C0F25A5D2095BC1900C6BCA6 /* Assets.xcassets */; };
		C0F25A612095BC1900C6BCA6 /* LaunchScreen.storyboard in Resources */ = {isa = PBXBuildFile; fileRef = C0F25A5F2095BC1900C6BCA6 /* LaunchScreen.storyboard */; };
		C0F25A642095BC1900C6BCA6 /* main.m in Sources */ = {isa = PBXBuildFile; fileRef = C0F25A632095BC1900C6BCA6 /* main.m */; };
		ED891324062D28F94FBC2561 /* Pods_MiniChat.framework in Frameworks */ = {isa = PBXBuildFile; fileRef = 6621D17447B24B984234EF83 /* Pods_MiniChat.framework */; };
/* End PBXBuildFile section */

/* Begin PBXFileReference section */
		6621D17447B24B984234EF83 /* Pods_MiniChat.framework */ = {isa = PBXFileReference; explicitFileType = wrapper.framework; includeInIndex = 0; path = Pods_MiniChat.framework; sourceTree = BUILT_PRODUCTS_DIR; };
		79BE6016547BAA125EC667D1 /* Pods-MiniChat.release.xcconfig */ = {isa = PBXFileReference; includeInIndex = 1; lastKnownFileType = text.xcconfig; name = "Pods-MiniChat.release.xcconfig"; path = "Pods/Target Support Files/Pods-MiniChat/Pods-MiniChat.release.xcconfig"; sourceTree = "<group>"; };
		C00427532095CC7600BE24C1 /* PrefixHeader.pch */ = {isa = PBXFileReference; lastKnownFileType = sourcecode.c.h; path = PrefixHeader.pch; sourceTree = "<group>"; };
		C066ED882099C98F00CB87FC /* CHMConversationController.h */ = {isa = PBXFileReference; lastKnownFileType = sourcecode.c.h; path = CHMConversationController.h; sourceTree = "<group>"; };
		C066ED892099C98F00CB87FC /* CHMConversationController.m */ = {isa = PBXFileReference; lastKnownFileType = sourcecode.c.objc; path = CHMConversationController.m; sourceTree = "<group>"; };
		C066ED8A2099C98F00CB87FC /* CHMConversationController.xib */ = {isa = PBXFileReference; lastKnownFileType = file.xib; path = CHMConversationController.xib; sourceTree = "<group>"; };
		C066ED8E2099E2C500CB87FC /* CHMAccountSettingController.h */ = {isa = PBXFileReference; lastKnownFileType = sourcecode.c.h; path = CHMAccountSettingController.h; sourceTree = "<group>"; };
		C066ED8F2099E2C500CB87FC /* CHMAccountSettingController.m */ = {isa = PBXFileReference; lastKnownFileType = sourcecode.c.objc; path = CHMAccountSettingController.m; sourceTree = "<group>"; };
		C066ED942099E45500CB87FC /* CHMAccountSettingCell.h */ = {isa = PBXFileReference; lastKnownFileType = sourcecode.c.h; path = CHMAccountSettingCell.h; sourceTree = "<group>"; };
		C066ED952099E45500CB87FC /* CHMAccountSettingCell.m */ = {isa = PBXFileReference; lastKnownFileType = sourcecode.c.objc; path = CHMAccountSettingCell.m; sourceTree = "<group>"; };
		C066ED962099E45500CB87FC /* CHMAccountSettingCell.xib */ = {isa = PBXFileReference; lastKnownFileType = file.xib; path = CHMAccountSettingCell.xib; sourceTree = "<group>"; };
		C066ED992099E47600CB87FC /* CHMLogoutCell.h */ = {isa = PBXFileReference; lastKnownFileType = sourcecode.c.h; path = CHMLogoutCell.h; sourceTree = "<group>"; };
		C066ED9A2099E47600CB87FC /* CHMLogoutCell.m */ = {isa = PBXFileReference; lastKnownFileType = sourcecode.c.objc; path = CHMLogoutCell.m; sourceTree = "<group>"; };
		C066ED9B2099E47600CB87FC /* CHMLogoutCell.xib */ = {isa = PBXFileReference; lastKnownFileType = file.xib; path = CHMLogoutCell.xib; sourceTree = "<group>"; };
		C066ED9F209A7B7300CB87FC /* CHMContactCell.h */ = {isa = PBXFileReference; lastKnownFileType = sourcecode.c.h; path = CHMContactCell.h; sourceTree = "<group>"; };
		C066EDA0209A7B7300CB87FC /* CHMContactCell.m */ = {isa = PBXFileReference; lastKnownFileType = sourcecode.c.objc; path = CHMContactCell.m; sourceTree = "<group>"; };
		C066EDA1209A7B7300CB87FC /* CHMContactCell.xib */ = {isa = PBXFileReference; lastKnownFileType = file.xib; path = CHMContactCell.xib; sourceTree = "<group>"; };
		C066EDA4209A7E7600CB87FC /* CHMSectionHeaderView.h */ = {isa = PBXFileReference; lastKnownFileType = sourcecode.c.h; path = CHMSectionHeaderView.h; sourceTree = "<group>"; };
		C066EDA5209A7E7600CB87FC /* CHMSectionHeaderView.m */ = {isa = PBXFileReference; lastKnownFileType = sourcecode.c.objc; path = CHMSectionHeaderView.m; sourceTree = "<group>"; };
		C066EDA8209A804F00CB87FC /* UILabel+CHMLabel.h */ = {isa = PBXFileReference; lastKnownFileType = sourcecode.c.h; path = "UILabel+CHMLabel.h"; sourceTree = "<group>"; };
		C066EDA9209A804F00CB87FC /* UILabel+CHMLabel.m */ = {isa = PBXFileReference; lastKnownFileType = sourcecode.c.objc; path = "UILabel+CHMLabel.m"; sourceTree = "<group>"; };
		C066EDAC209A82EB00CB87FC /* CHMFriendModel.h */ = {isa = PBXFileReference; lastKnownFileType = sourcecode.c.h; path = CHMFriendModel.h; sourceTree = "<group>"; };
		C066EDAD209A82EB00CB87FC /* CHMFriendModel.m */ = {isa = PBXFileReference; lastKnownFileType = sourcecode.c.objc; path = CHMFriendModel.m; sourceTree = "<group>"; };
		C066EDB0209A862300CB87FC /* CHMUserDetailController.h */ = {isa = PBXFileReference; lastKnownFileType = sourcecode.c.h; path = CHMUserDetailController.h; sourceTree = "<group>"; };
		C066EDB1209A862300CB87FC /* CHMUserDetailController.m */ = {isa = PBXFileReference; lastKnownFileType = sourcecode.c.objc; path = CHMUserDetailController.m; sourceTree = "<group>"; };
		C066EDB2209A862300CB87FC /* CHMUserDetailController.xib */ = {isa = PBXFileReference; lastKnownFileType = file.xib; path = CHMUserDetailController.xib; sourceTree = "<group>"; };
		C066EDB5209A9C7E00CB87FC /* CHMContactHeaderView.h */ = {isa = PBXFileReference; lastKnownFileType = sourcecode.c.h; path = CHMContactHeaderView.h; sourceTree = "<group>"; };
		C066EDB6209A9C7E00CB87FC /* CHMContactHeaderView.m */ = {isa = PBXFileReference; lastKnownFileType = sourcecode.c.objc; path = CHMContactHeaderView.m; sourceTree = "<group>"; };
		C066EDB8209A9C8F00CB87FC /* CHMContactHeaderView.xib */ = {isa = PBXFileReference; lastKnownFileType = file.xib; path = CHMContactHeaderView.xib; sourceTree = "<group>"; };
		C066EDBB209AB6E300CB87FC /* CHMUserDetailFooter.h */ = {isa = PBXFileReference; lastKnownFileType = sourcecode.c.h; path = CHMUserDetailFooter.h; sourceTree = "<group>"; };
		C066EDBC209AB6E300CB87FC /* CHMUserDetailFooter.m */ = {isa = PBXFileReference; lastKnownFileType = sourcecode.c.objc; path = CHMUserDetailFooter.m; sourceTree = "<group>"; };
		C066EDBE209AB6EE00CB87FC /* CHMUserDetailFooter.xib */ = {isa = PBXFileReference; lastKnownFileType = file.xib; path = CHMUserDetailFooter.xib; sourceTree = "<group>"; };
		C066EDC1209BDCEB00CB87FC /* CHMSelectMemberController.h */ = {isa = PBXFileReference; lastKnownFileType = sourcecode.c.h; path = CHMSelectMemberController.h; sourceTree = "<group>"; };
		C066EDC2209BDCEB00CB87FC /* CHMSelectMemberController.m */ = {isa = PBXFileReference; lastKnownFileType = sourcecode.c.objc; path = CHMSelectMemberController.m; sourceTree = "<group>"; };
		C066EDC6209BDE5800CB87FC /* CHMBarButtonItem.h */ = {isa = PBXFileReference; lastKnownFileType = sourcecode.c.h; path = CHMBarButtonItem.h; sourceTree = "<group>"; };
		C066EDC7209BDE5800CB87FC /* CHMBarButtonItem.m */ = {isa = PBXFileReference; lastKnownFileType = sourcecode.c.objc; path = CHMBarButtonItem.m; sourceTree = "<group>"; };
		C066EDCA209BE31600CB87FC /* KxMenu.m */ = {isa = PBXFileReference; fileEncoding = 4; lastKnownFileType = sourcecode.c.objc; path = KxMenu.m; sourceTree = "<group>"; };
		C066EDCB209BE31600CB87FC /* KxMenu.h */ = {isa = PBXFileReference; fileEncoding = 4; lastKnownFileType = sourcecode.c.h; path = KxMenu.h; sourceTree = "<group>"; };
		C066EDCE209BE4AD00CB87FC /* UIImage+CHMImage.h */ = {isa = PBXFileReference; lastKnownFileType = sourcecode.c.h; path = "UIImage+CHMImage.h"; sourceTree = "<group>"; };
		C066EDCF209BE4AD00CB87FC /* UIImage+CHMImage.m */ = {isa = PBXFileReference; lastKnownFileType = sourcecode.c.objc; path = "UIImage+CHMImage.m"; sourceTree = "<group>"; };
		C0EAA5D52097E8210046F05C /* CHMHttpTool.h */ = {isa = PBXFileReference; lastKnownFileType = sourcecode.c.h; path = CHMHttpTool.h; sourceTree = "<group>"; };
		C0EAA5D62097E8210046F05C /* CHMHttpTool.m */ = {isa = PBXFileReference; lastKnownFileType = sourcecode.c.objc; path = CHMHttpTool.m; sourceTree = "<group>"; };
		C0EAA5E120980AE30046F05C /* HttpConstants.h */ = {isa = PBXFileReference; fileEncoding = 4; lastKnownFileType = sourcecode.c.h; path = HttpConstants.h; sourceTree = "<group>"; };
		C0EAA5E320980AE30046F05C /* Constants.h */ = {isa = PBXFileReference; fileEncoding = 4; lastKnownFileType = sourcecode.c.h; path = Constants.h; sourceTree = "<group>"; };
		C0EAA5E7209811140046F05C /* UserInfoConstants.h */ = {isa = PBXFileReference; lastKnownFileType = sourcecode.c.h; path = UserInfoConstants.h; sourceTree = "<group>"; };
		C0EAA5EA20981EE70046F05C /* CHMLoginController.h */ = {isa = PBXFileReference; lastKnownFileType = sourcecode.c.h; path = CHMLoginController.h; sourceTree = "<group>"; };
		C0EAA5EB20981EE70046F05C /* CHMLoginController.m */ = {isa = PBXFileReference; lastKnownFileType = sourcecode.c.objc; path = CHMLoginController.m; sourceTree = "<group>"; };
		C0EAA5EC20981EE70046F05C /* CHMLoginController.xib */ = {isa = PBXFileReference; lastKnownFileType = file.xib; path = CHMLoginController.xib; sourceTree = "<group>"; };
		C0EAA5EF209823F40046F05C /* CHMRegisterController.h */ = {isa = PBXFileReference; lastKnownFileType = sourcecode.c.h; path = CHMRegisterController.h; sourceTree = "<group>"; };
		C0EAA5F0209823F40046F05C /* CHMRegisterController.m */ = {isa = PBXFileReference; lastKnownFileType = sourcecode.c.objc; path = CHMRegisterController.m; sourceTree = "<group>"; };
		C0EAA5F1209823F40046F05C /* CHMRegisterController.xib */ = {isa = PBXFileReference; lastKnownFileType = file.xib; path = CHMRegisterController.xib; sourceTree = "<group>"; };
		C0EAA5F42098259D0046F05C /* CHMRongTokenResponse.h */ = {isa = PBXFileReference; lastKnownFileType = sourcecode.c.h; path = CHMRongTokenResponse.h; sourceTree = "<group>"; };
		C0EAA5F52098259D0046F05C /* CHMRongTokenResponse.m */ = {isa = PBXFileReference; lastKnownFileType = sourcecode.c.objc; path = CHMRongTokenResponse.m; sourceTree = "<group>"; };
		C0EAA5F72098270B0046F05C /* CHMProgressHUD.h */ = {isa = PBXFileReference; lastKnownFileType = sourcecode.c.h; path = CHMProgressHUD.h; sourceTree = "<group>"; };
		C0EAA5F82098270B0046F05C /* CHMProgressHUD.m */ = {isa = PBXFileReference; lastKnownFileType = sourcecode.c.objc; path = CHMProgressHUD.m; sourceTree = "<group>"; };
		C0EAA5FB20984F2D0046F05C /* CHMMainController.h */ = {isa = PBXFileReference; lastKnownFileType = sourcecode.c.h; path = CHMMainController.h; sourceTree = "<group>"; };
		C0EAA5FC20984F2D0046F05C /* CHMMainController.m */ = {isa = PBXFileReference; lastKnownFileType = sourcecode.c.objc; path = CHMMainController.m; sourceTree = "<group>"; };
		C0EAA600209859960046F05C /* Main.storyboard */ = {isa = PBXFileReference; lastKnownFileType = file.storyboard; path = Main.storyboard; sourceTree = "<group>"; };
		C0EAA60620985DCC0046F05C /* CHMChatRoomController.h */ = {isa = PBXFileReference; lastKnownFileType = sourcecode.c.h; path = CHMChatRoomController.h; sourceTree = "<group>"; };
		C0EAA60720985DCC0046F05C /* CHMChatRoomController.m */ = {isa = PBXFileReference; lastKnownFileType = sourcecode.c.objc; path = CHMChatRoomController.m; sourceTree = "<group>"; };
		C0EAA60920985DDD0046F05C /* CHMContactsController.h */ = {isa = PBXFileReference; lastKnownFileType = sourcecode.c.h; path = CHMContactsController.h; sourceTree = "<group>"; };
		C0EAA60A20985DDD0046F05C /* CHMContactsController.m */ = {isa = PBXFileReference; lastKnownFileType = sourcecode.c.objc; path = CHMContactsController.m; sourceTree = "<group>"; };
		C0EAA60C20985DEE0046F05C /* CHMConversationListController.h */ = {isa = PBXFileReference; lastKnownFileType = sourcecode.c.h; path = CHMConversationListController.h; sourceTree = "<group>"; };
		C0EAA60D20985DEE0046F05C /* CHMConversationListController.m */ = {isa = PBXFileReference; lastKnownFileType = sourcecode.c.objc; path = CHMConversationListController.m; sourceTree = "<group>"; };
		C0EAA612209864E10046F05C /* ColorConstants.h */ = {isa = PBXFileReference; lastKnownFileType = sourcecode.c.h; path = ColorConstants.h; sourceTree = "<group>"; };
		C0EAA615209866D60046F05C /* UIColor+CHMColor.h */ = {isa = PBXFileReference; lastKnownFileType = sourcecode.c.h; path = "UIColor+CHMColor.h"; sourceTree = "<group>"; };
		C0EAA616209866D60046F05C /* UIColor+CHMColor.m */ = {isa = PBXFileReference; lastKnownFileType = sourcecode.c.objc; path = "UIColor+CHMColor.m"; sourceTree = "<group>"; };
		C0EAA61D209870E10046F05C /* RCUnderlineTextField.m */ = {isa = PBXFileReference; fileEncoding = 4; lastKnownFileType = sourcecode.c.objc; path = RCUnderlineTextField.m; sourceTree = "<group>"; };
		C0EAA61E209870E10046F05C /* CHMTableViewController.h */ = {isa = PBXFileReference; fileEncoding = 4; lastKnownFileType = sourcecode.c.h; path = CHMTableViewController.h; sourceTree = "<group>"; };
		C0EAA61F209870E10046F05C /* RCUnderlineTextField.h */ = {isa = PBXFileReference; fileEncoding = 4; lastKnownFileType = sourcecode.c.h; path = RCUnderlineTextField.h; sourceTree = "<group>"; };
		C0EAA620209870E10046F05C /* CHMTableViewController.m */ = {isa = PBXFileReference; fileEncoding = 4; lastKnownFileType = sourcecode.c.objc; path = CHMTableViewController.m; sourceTree = "<group>"; };
		C0EAA6232098713E0046F05C /* CHMMineController.h */ = {isa = PBXFileReference; lastKnownFileType = sourcecode.c.h; path = CHMMineController.h; sourceTree = "<group>"; };
		C0EAA6242098713E0046F05C /* CHMMineController.m */ = {isa = PBXFileReference; lastKnownFileType = sourcecode.c.objc; path = CHMMineController.m; sourceTree = "<group>"; };
		C0EAA6272098723B0046F05C /* CHMMineDetailCell.h */ = {isa = PBXFileReference; lastKnownFileType = sourcecode.c.h; path = CHMMineDetailCell.h; sourceTree = "<group>"; };
		C0EAA6282098723B0046F05C /* CHMMineDetailCell.m */ = {isa = PBXFileReference; lastKnownFileType = sourcecode.c.objc; path = CHMMineDetailCell.m; sourceTree = "<group>"; };
		C0EAA6292098723B0046F05C /* CHMMineDetailCell.xib */ = {isa = PBXFileReference; lastKnownFileType = file.xib; path = CHMMineDetailCell.xib; sourceTree = "<group>"; };
		C0EAA62C209872520046F05C /* CHMMineItemCell.h */ = {isa = PBXFileReference; lastKnownFileType = sourcecode.c.h; path = CHMMineItemCell.h; sourceTree = "<group>"; };
		C0EAA62D209872520046F05C /* CHMMineItemCell.m */ = {isa = PBXFileReference; lastKnownFileType = sourcecode.c.objc; path = CHMMineItemCell.m; sourceTree = "<group>"; };
		C0EAA62E209872520046F05C /* CHMMineItemCell.xib */ = {isa = PBXFileReference; lastKnownFileType = file.xib; path = CHMMineItemCell.xib; sourceTree = "<group>"; };
		C0EAA6392098819F0046F05C /* UIImageView+CHMImageView.h */ = {isa = PBXFileReference; fileEncoding = 4; lastKnownFileType = sourcecode.c.h; path = "UIImageView+CHMImageView.h"; sourceTree = "<group>"; };
		C0EAA63A2098819F0046F05C /* UIImageView+CHMImageView.m */ = {isa = PBXFileReference; fileEncoding = 4; lastKnownFileType = sourcecode.c.objc; path = "UIImageView+CHMImageView.m"; sourceTree = "<group>"; };
		C0EAA63D2098B63D0046F05C /* CHMChatRoomCell.h */ = {isa = PBXFileReference; lastKnownFileType = sourcecode.c.h; path = CHMChatRoomCell.h; sourceTree = "<group>"; };
		C0EAA63E2098B63D0046F05C /* CHMChatRoomCell.m */ = {isa = PBXFileReference; lastKnownFileType = sourcecode.c.objc; path = CHMChatRoomCell.m; sourceTree = "<group>"; };
		C0EAA63F2098B63D0046F05C /* CHMChatRoomCell.xib */ = {isa = PBXFileReference; lastKnownFileType = file.xib; path = CHMChatRoomCell.xib; sourceTree = "<group>"; };
		C0EAA6422098B7C80046F05C /* CHMChatRoomModel.h */ = {isa = PBXFileReference; lastKnownFileType = sourcecode.c.h; path = CHMChatRoomModel.h; sourceTree = "<group>"; };
		C0EAA6432098B7C80046F05C /* CHMChatRoomModel.m */ = {isa = PBXFileReference; lastKnownFileType = sourcecode.c.objc; path = CHMChatRoomModel.m; sourceTree = "<group>"; };
		C0EFDB99209C050100848710 /* CHMSelectMemberCell.h */ = {isa = PBXFileReference; lastKnownFileType = sourcecode.c.h; path = CHMSelectMemberCell.h; sourceTree = "<group>"; };
		C0EFDB9A209C050100848710 /* CHMSelectMemberCell.m */ = {isa = PBXFileReference; lastKnownFileType = sourcecode.c.objc; path = CHMSelectMemberCell.m; sourceTree = "<group>"; };
		C0EFDB9B209C050100848710 /* CHMSelectMemberCell.xib */ = {isa = PBXFileReference; lastKnownFileType = file.xib; path = CHMSelectMemberCell.xib; sourceTree = "<group>"; };
		C0EFDB9E209C142500848710 /* CHMCreateGroupController.h */ = {isa = PBXFileReference; lastKnownFileType = sourcecode.c.h; path = CHMCreateGroupController.h; sourceTree = "<group>"; };
		C0EFDB9F209C142500848710 /* CHMCreateGroupController.m */ = {isa = PBXFileReference; lastKnownFileType = sourcecode.c.objc; path = CHMCreateGroupController.m; sourceTree = "<group>"; };
		C0EFDBA0209C142500848710 /* CHMCreateGroupController.xib */ = {isa = PBXFileReference; lastKnownFileType = file.xib; path = CHMCreateGroupController.xib; sourceTree = "<group>"; };
		C0F25A512095BC1800C6BCA6 /* MiniChat.app */ = {isa = PBXFileReference; explicitFileType = wrapper.application; includeInIndex = 0; path = MiniChat.app; sourceTree = BUILT_PRODUCTS_DIR; };
		C0F25A542095BC1800C6BCA6 /* AppDelegate.h */ = {isa = PBXFileReference; lastKnownFileType = sourcecode.c.h; path = AppDelegate.h; sourceTree = "<group>"; };
		C0F25A552095BC1800C6BCA6 /* AppDelegate.m */ = {isa = PBXFileReference; lastKnownFileType = sourcecode.c.objc; path = AppDelegate.m; sourceTree = "<group>"; };
		C0F25A5D2095BC1900C6BCA6 /* Assets.xcassets */ = {isa = PBXFileReference; lastKnownFileType = folder.assetcatalog; path = Assets.xcassets; sourceTree = "<group>"; };
		C0F25A602095BC1900C6BCA6 /* Base */ = {isa = PBXFileReference; lastKnownFileType = file.storyboard; name = Base; path = Base.lproj/LaunchScreen.storyboard; sourceTree = "<group>"; };
		C0F25A622095BC1900C6BCA6 /* Info.plist */ = {isa = PBXFileReference; lastKnownFileType = text.plist.xml; path = Info.plist; sourceTree = "<group>"; };
		C0F25A632095BC1900C6BCA6 /* main.m */ = {isa = PBXFileReference; lastKnownFileType = sourcecode.c.objc; path = main.m; sourceTree = "<group>"; };
		C55E4F23FBEA5E9FC8BF1C94 /* Pods-MiniChat.debug.xcconfig */ = {isa = PBXFileReference; includeInIndex = 1; lastKnownFileType = text.xcconfig; name = "Pods-MiniChat.debug.xcconfig"; path = "Pods/Target Support Files/Pods-MiniChat/Pods-MiniChat.debug.xcconfig"; sourceTree = "<group>"; };
/* End PBXFileReference section */

/* Begin PBXFrameworksBuildPhase section */
		C0F25A4E2095BC1800C6BCA6 /* Frameworks */ = {
			isa = PBXFrameworksBuildPhase;
			buildActionMask = 2147483647;
			files = (
				ED891324062D28F94FBC2561 /* Pods_MiniChat.framework in Frameworks */,
			);
			runOnlyForDeploymentPostprocessing = 0;
		};
/* End PBXFrameworksBuildPhase section */

/* Begin PBXGroup section */
		717493A1348D1A166597C83F /* Frameworks */ = {
			isa = PBXGroup;
			children = (
				6621D17447B24B984234EF83 /* Pods_MiniChat.framework */,
			);
			name = Frameworks;
			sourceTree = "<group>";
		};
		C00427562097053200BE24C1 /* viewControllers */ = {
			isa = PBXGroup;
			children = (
				C066EDC0209BDC6200CB87FC /* Group */,
				C0EAA60420985DAF0046F05C /* ChatRoom */,
				C0EAA60220985DAE0046F05C /* Contacts */,
				C0EAA60520985DAF0046F05C /* Conversation */,
				C0EAA60320985DAE0046F05C /* Mine */,
				C0EAA5FA20984F150046F05C /* Main */,
				C00427572097056000BE24C1 /* Login */,
			);
			path = viewControllers;
			sourceTree = "<group>";
		};
		C00427572097056000BE24C1 /* Login */ = {
			isa = PBXGroup;
			children = (
				C0EAA5EA20981EE70046F05C /* CHMLoginController.h */,
				C0EAA5EB20981EE70046F05C /* CHMLoginController.m */,
				C0EAA5EC20981EE70046F05C /* CHMLoginController.xib */,
				C0EAA5EF209823F40046F05C /* CHMRegisterController.h */,
				C0EAA5F0209823F40046F05C /* CHMRegisterController.m */,
				C0EAA5F1209823F40046F05C /* CHMRegisterController.xib */,
			);
			path = Login;
			sourceTree = "<group>";
		};
		C066ED8D2099E2A500CB87FC /* AccountSetting */ = {
			isa = PBXGroup;
			children = (
				C066ED932099E42F00CB87FC /* view */,
				C066ED8E2099E2C500CB87FC /* CHMAccountSettingController.h */,
				C066ED8F2099E2C500CB87FC /* CHMAccountSettingController.m */,
			);
			path = AccountSetting;
			sourceTree = "<group>";
		};
		C066ED932099E42F00CB87FC /* view */ = {
			isa = PBXGroup;
			children = (
				C066ED942099E45500CB87FC /* CHMAccountSettingCell.h */,
				C066ED952099E45500CB87FC /* CHMAccountSettingCell.m */,
				C066ED962099E45500CB87FC /* CHMAccountSettingCell.xib */,
				C066ED992099E47600CB87FC /* CHMLogoutCell.h */,
				C066ED9A2099E47600CB87FC /* CHMLogoutCell.m */,
				C066ED9B2099E47600CB87FC /* CHMLogoutCell.xib */,
			);
			path = view;
			sourceTree = "<group>";
		};
		C066ED9E209A7B5B00CB87FC /* view */ = {
			isa = PBXGroup;
			children = (
				C066ED9F209A7B7300CB87FC /* CHMContactCell.h */,
				C066EDA0209A7B7300CB87FC /* CHMContactCell.m */,
				C066EDA1209A7B7300CB87FC /* CHMContactCell.xib */,
				C066EDA4209A7E7600CB87FC /* CHMSectionHeaderView.h */,
				C066EDA5209A7E7600CB87FC /* CHMSectionHeaderView.m */,
				C066EDB5209A9C7E00CB87FC /* CHMContactHeaderView.h */,
				C066EDB6209A9C7E00CB87FC /* CHMContactHeaderView.m */,
				C066EDB8209A9C8F00CB87FC /* CHMContactHeaderView.xib */,
			);
			path = view;
			sourceTree = "<group>";
		};
		C066EDA7209A803F00CB87FC /* Label */ = {
			isa = PBXGroup;
			children = (
				C066EDA8209A804F00CB87FC /* UILabel+CHMLabel.h */,
				C066EDA9209A804F00CB87FC /* UILabel+CHMLabel.m */,
			);
			path = Label;
			sourceTree = "<group>";
		};
		C066EDAB209A82CC00CB87FC /* model */ = {
			isa = PBXGroup;
			children = (
				C066EDAC209A82EB00CB87FC /* CHMFriendModel.h */,
				C066EDAD209A82EB00CB87FC /* CHMFriendModel.m */,
			);
			path = model;
			sourceTree = "<group>";
		};
		C066EDAF209A860500CB87FC /* UserDetail */ = {
			isa = PBXGroup;
			children = (
				C066EDBA209AB6A000CB87FC /* view */,
				C066EDB0209A862300CB87FC /* CHMUserDetailController.h */,
				C066EDB1209A862300CB87FC /* CHMUserDetailController.m */,
				C066EDB2209A862300CB87FC /* CHMUserDetailController.xib */,
			);
			path = UserDetail;
			sourceTree = "<group>";
		};
		C066EDBA209AB6A000CB87FC /* view */ = {
			isa = PBXGroup;
			children = (
				C066EDBB209AB6E300CB87FC /* CHMUserDetailFooter.h */,
				C066EDBC209AB6E300CB87FC /* CHMUserDetailFooter.m */,
				C066EDBE209AB6EE00CB87FC /* CHMUserDetailFooter.xib */,
			);
			path = view;
			sourceTree = "<group>";
		};
		C066EDC0209BDC6200CB87FC /* Group */ = {
			isa = PBXGroup;
			children = (
				C0EFDB98209C04BC00848710 /* view */,
				C066EDC1209BDCEB00CB87FC /* CHMSelectMemberController.h */,
				C066EDC2209BDCEB00CB87FC /* CHMSelectMemberController.m */,
				C0EFDB9E209C142500848710 /* CHMCreateGroupController.h */,
				C0EFDB9F209C142500848710 /* CHMCreateGroupController.m */,
				C0EFDBA0209C142500848710 /* CHMCreateGroupController.xib */,
			);
			path = Group;
			sourceTree = "<group>";
		};
		C066EDC9209BE31600CB87FC /* KxMenu */ = {
			isa = PBXGroup;
			children = (
				C066EDCA209BE31600CB87FC /* KxMenu.m */,
				C066EDCB209BE31600CB87FC /* KxMenu.h */,
			);
			path = KxMenu;
			sourceTree = "<group>";
		};
		C066EDCD209BE49E00CB87FC /* Image */ = {
			isa = PBXGroup;
			children = (
				C066EDCE209BE4AD00CB87FC /* UIImage+CHMImage.h */,
				C066EDCF209BE4AD00CB87FC /* UIImage+CHMImage.m */,
			);
			path = Image;
			sourceTree = "<group>";
		};
		C0EAA5C82097123C0046F05C /* Utilities */ = {
			isa = PBXGroup;
			children = (
				C0EAA61C209870E10046F05C /* DiyView */,
				C0EAA613209866B20046F05C /* Category */,
				C0EAA5D92097FE980046F05C /* ProgressHUD */,
				C0EAA5D42097E7DB0046F05C /* Network */,
			);
			path = Utilities;
			sourceTree = "<group>";
		};
		C0EAA5D42097E7DB0046F05C /* Network */ = {
			isa = PBXGroup;
			children = (
				C0EAA5D52097E8210046F05C /* CHMHttpTool.h */,
				C0EAA5D62097E8210046F05C /* CHMHttpTool.m */,
			);
			path = Network;
			sourceTree = "<group>";
		};
		C0EAA5D92097FE980046F05C /* ProgressHUD */ = {
			isa = PBXGroup;
			children = (
				C0EAA5F72098270B0046F05C /* CHMProgressHUD.h */,
				C0EAA5F82098270B0046F05C /* CHMProgressHUD.m */,
			);
			path = ProgressHUD;
			sourceTree = "<group>";
		};
		C0EAA5DC209802240046F05C /* Service */ = {
			isa = PBXGroup;
			children = (
				C0EAA5DD2098023F0046F05C /* response */,
			);
			path = Service;
			sourceTree = "<group>";
		};
		C0EAA5DD2098023F0046F05C /* response */ = {
			isa = PBXGroup;
			children = (
				C0EAA5F42098259D0046F05C /* CHMRongTokenResponse.h */,
				C0EAA5F52098259D0046F05C /* CHMRongTokenResponse.m */,
				C0EAA6422098B7C80046F05C /* CHMChatRoomModel.h */,
				C0EAA6432098B7C80046F05C /* CHMChatRoomModel.m */,
			);
			path = response;
			sourceTree = "<group>";
		};
		C0EAA5E020980AB10046F05C /* Constants */ = {
			isa = PBXGroup;
			children = (
				C0EAA5E320980AE30046F05C /* Constants.h */,
				C0EAA5E120980AE30046F05C /* HttpConstants.h */,
				C0EAA5E7209811140046F05C /* UserInfoConstants.h */,
				C0EAA612209864E10046F05C /* ColorConstants.h */,
			);
			path = Constants;
			sourceTree = "<group>";
		};
		C0EAA5FA20984F150046F05C /* Main */ = {
			isa = PBXGroup;
			children = (
				C0EAA5FB20984F2D0046F05C /* CHMMainController.h */,
				C0EAA5FC20984F2D0046F05C /* CHMMainController.m */,
			);
			path = Main;
			sourceTree = "<group>";
		};
		C0EAA60220985DAE0046F05C /* Contacts */ = {
			isa = PBXGroup;
			children = (
				C066EDAF209A860500CB87FC /* UserDetail */,
				C066EDAB209A82CC00CB87FC /* model */,
				C066ED9E209A7B5B00CB87FC /* view */,
				C0EAA60920985DDD0046F05C /* CHMContactsController.h */,
				C0EAA60A20985DDD0046F05C /* CHMContactsController.m */,
			);
			path = Contacts;
			sourceTree = "<group>";
		};
		C0EAA60320985DAE0046F05C /* Mine */ = {
			isa = PBXGroup;
			children = (
				C066ED8D2099E2A500CB87FC /* AccountSetting */,
				C0EAA6182098705D0046F05C /* HomePage */,
			);
			path = Mine;
			sourceTree = "<group>";
		};
		C0EAA60420985DAF0046F05C /* ChatRoom */ = {
			isa = PBXGroup;
			children = (
				C0EAA63C2098B6260046F05C /* cell */,
				C0EAA60620985DCC0046F05C /* CHMChatRoomController.h */,
				C0EAA60720985DCC0046F05C /* CHMChatRoomController.m */,
			);
			path = ChatRoom;
			sourceTree = "<group>";
		};
		C0EAA60520985DAF0046F05C /* Conversation */ = {
			isa = PBXGroup;
			children = (
				C0EAA60C20985DEE0046F05C /* CHMConversationListController.h */,
				C0EAA60D20985DEE0046F05C /* CHMConversationListController.m */,
				C066ED882099C98F00CB87FC /* CHMConversationController.h */,
				C066ED892099C98F00CB87FC /* CHMConversationController.m */,
				C066ED8A2099C98F00CB87FC /* CHMConversationController.xib */,
			);
			path = Conversation;
			sourceTree = "<group>";
		};
		C0EAA613209866B20046F05C /* Category */ = {
			isa = PBXGroup;
			children = (
				C066EDCD209BE49E00CB87FC /* Image */,
				C066EDA7209A803F00CB87FC /* Label */,
				C0EAA6382098819F0046F05C /* ImageView */,
				C0EAA614209866B20046F05C /* Color */,
			);
			path = Category;
			sourceTree = "<group>";
		};
		C0EAA614209866B20046F05C /* Color */ = {
			isa = PBXGroup;
			children = (
				C0EAA615209866D60046F05C /* UIColor+CHMColor.h */,
				C0EAA616209866D60046F05C /* UIColor+CHMColor.m */,
			);
			path = Color;
			sourceTree = "<group>";
		};
		C0EAA6182098705D0046F05C /* HomePage */ = {
			isa = PBXGroup;
			children = (
				C0EAA6262098721F0046F05C /* cell */,
				C0EAA6232098713E0046F05C /* CHMMineController.h */,
				C0EAA6242098713E0046F05C /* CHMMineController.m */,
			);
			path = HomePage;
			sourceTree = "<group>";
		};
		C0EAA61C209870E10046F05C /* DiyView */ = {
			isa = PBXGroup;
			children = (
				C066EDC9209BE31600CB87FC /* KxMenu */,
				C0EAA61E209870E10046F05C /* CHMTableViewController.h */,
				C0EAA620209870E10046F05C /* CHMTableViewController.m */,
				C0EAA61F209870E10046F05C /* RCUnderlineTextField.h */,
				C0EAA61D209870E10046F05C /* RCUnderlineTextField.m */,
				C066EDC6209BDE5800CB87FC /* CHMBarButtonItem.h */,
				C066EDC7209BDE5800CB87FC /* CHMBarButtonItem.m */,
			);
			path = DiyView;
			sourceTree = "<group>";
		};
		C0EAA6262098721F0046F05C /* cell */ = {
			isa = PBXGroup;
			children = (
				C0EAA6272098723B0046F05C /* CHMMineDetailCell.h */,
				C0EAA6282098723B0046F05C /* CHMMineDetailCell.m */,
				C0EAA6292098723B0046F05C /* CHMMineDetailCell.xib */,
				C0EAA62C209872520046F05C /* CHMMineItemCell.h */,
				C0EAA62D209872520046F05C /* CHMMineItemCell.m */,
				C0EAA62E209872520046F05C /* CHMMineItemCell.xib */,
			);
			path = cell;
			sourceTree = "<group>";
		};
		C0EAA6382098819F0046F05C /* ImageView */ = {
			isa = PBXGroup;
			children = (
				C0EAA6392098819F0046F05C /* UIImageView+CHMImageView.h */,
				C0EAA63A2098819F0046F05C /* UIImageView+CHMImageView.m */,
			);
			path = ImageView;
			sourceTree = "<group>";
		};
		C0EAA63C2098B6260046F05C /* cell */ = {
			isa = PBXGroup;
			children = (
				C0EAA63D2098B63D0046F05C /* CHMChatRoomCell.h */,
				C0EAA63E2098B63D0046F05C /* CHMChatRoomCell.m */,
				C0EAA63F2098B63D0046F05C /* CHMChatRoomCell.xib */,
			);
			path = cell;
			sourceTree = "<group>";
		};
		C0EFDB98209C04BC00848710 /* view */ = {
			isa = PBXGroup;
			children = (
				C0EFDB99209C050100848710 /* CHMSelectMemberCell.h */,
				C0EFDB9A209C050100848710 /* CHMSelectMemberCell.m */,
				C0EFDB9B209C050100848710 /* CHMSelectMemberCell.xib */,
			);
			path = view;
			sourceTree = "<group>";
		};
		C0F25A482095BC1800C6BCA6 = {
			isa = PBXGroup;
			children = (
				C0F25A532095BC1800C6BCA6 /* MiniChat */,
				C0F25A522095BC1800C6BCA6 /* Products */,
				C7A3E529F81D56D6ABD513E9 /* Pods */,
				717493A1348D1A166597C83F /* Frameworks */,
			);
			sourceTree = "<group>";
		};
		C0F25A522095BC1800C6BCA6 /* Products */ = {
			isa = PBXGroup;
			children = (
				C0F25A512095BC1800C6BCA6 /* MiniChat.app */,
			);
			name = Products;
			sourceTree = "<group>";
		};
		C0F25A532095BC1800C6BCA6 /* MiniChat */ = {
			isa = PBXGroup;
			children = (
				C0EAA5E020980AB10046F05C /* Constants */,
				C0EAA5DC209802240046F05C /* Service */,
				C0EAA5C82097123C0046F05C /* Utilities */,
				C00427562097053200BE24C1 /* viewControllers */,
				C0F25A542095BC1800C6BCA6 /* AppDelegate.h */,
				C0F25A552095BC1800C6BCA6 /* AppDelegate.m */,
				C0F25A5D2095BC1900C6BCA6 /* Assets.xcassets */,
				C0F25A5F2095BC1900C6BCA6 /* LaunchScreen.storyboard */,
				C0EAA600209859960046F05C /* Main.storyboard */,
				C00427532095CC7600BE24C1 /* PrefixHeader.pch */,
				C0F25A622095BC1900C6BCA6 /* Info.plist */,
				C0F25A632095BC1900C6BCA6 /* main.m */,
			);
			path = MiniChat;
			sourceTree = "<group>";
		};
		C7A3E529F81D56D6ABD513E9 /* Pods */ = {
			isa = PBXGroup;
			children = (
				C55E4F23FBEA5E9FC8BF1C94 /* Pods-MiniChat.debug.xcconfig */,
				79BE6016547BAA125EC667D1 /* Pods-MiniChat.release.xcconfig */,
			);
			name = Pods;
			sourceTree = "<group>";
		};
/* End PBXGroup section */

/* Begin PBXNativeTarget section */
		C0F25A502095BC1800C6BCA6 /* MiniChat */ = {
			isa = PBXNativeTarget;
			buildConfigurationList = C0F25A672095BC1900C6BCA6 /* Build configuration list for PBXNativeTarget "MiniChat" */;
			buildPhases = (
				F0CB8FF72198BA1B7CB593E9 /* [CP] Check Pods Manifest.lock */,
				C0F25A4D2095BC1800C6BCA6 /* Sources */,
				C0F25A4E2095BC1800C6BCA6 /* Frameworks */,
				C0F25A4F2095BC1800C6BCA6 /* Resources */,
				93C2056E26D927B2BF2ADEFB /* [CP] Embed Pods Frameworks */,
				57B32127D87695FC815D5ADB /* [CP] Copy Pods Resources */,
			);
			buildRules = (
			);
			dependencies = (
			);
			name = MiniChat;
			productName = MiniChat;
			productReference = C0F25A512095BC1800C6BCA6 /* MiniChat.app */;
			productType = "com.apple.product-type.application";
		};
/* End PBXNativeTarget section */

/* Begin PBXProject section */
		C0F25A492095BC1800C6BCA6 /* Project object */ = {
			isa = PBXProject;
			attributes = {
				CLASSPREFIX = CHM;
				LastUpgradeCheck = 0930;
				ORGANIZATIONNAME = "陈华谋";
				TargetAttributes = {
					C0F25A502095BC1800C6BCA6 = {
						CreatedOnToolsVersion = 9.3;
						LastSwiftMigration = 0930;
					};
				};
			};
			buildConfigurationList = C0F25A4C2095BC1800C6BCA6 /* Build configuration list for PBXProject "MiniChat" */;
			compatibilityVersion = "Xcode 9.3";
			developmentRegion = en;
			hasScannedForEncodings = 0;
			knownRegions = (
				en,
				Base,
			);
			mainGroup = C0F25A482095BC1800C6BCA6;
			productRefGroup = C0F25A522095BC1800C6BCA6 /* Products */;
			projectDirPath = "";
			projectRoot = "";
			targets = (
				C0F25A502095BC1800C6BCA6 /* MiniChat */,
			);
		};
/* End PBXProject section */

/* Begin PBXResourcesBuildPhase section */
		C0F25A4F2095BC1800C6BCA6 /* Resources */ = {
			isa = PBXResourcesBuildPhase;
			buildActionMask = 2147483647;
			files = (
				C0EAA5F3209823F40046F05C /* CHMRegisterController.xib in Resources */,
				C0EAA6412098B63D0046F05C /* CHMChatRoomCell.xib in Resources */,
				C066EDB4209A862300CB87FC /* CHMUserDetailController.xib in Resources */,
				C0EAA5EE20981EE70046F05C /* CHMLoginController.xib in Resources */,
				C066EDBF209AB6EE00CB87FC /* CHMUserDetailFooter.xib in Resources */,
				C066EDA3209A7B7300CB87FC /* CHMContactCell.xib in Resources */,
				C066EDB9209A9C8F00CB87FC /* CHMContactHeaderView.xib in Resources */,
				C0EAA62B2098723B0046F05C /* CHMMineDetailCell.xib in Resources */,
				C0EFDB9D209C050100848710 /* CHMSelectMemberCell.xib in Resources */,
				C0F25A612095BC1900C6BCA6 /* LaunchScreen.storyboard in Resources */,
				C0EAA601209859960046F05C /* Main.storyboard in Resources */,
				C0EAA630209872520046F05C /* CHMMineItemCell.xib in Resources */,
				C066ED9D2099E47600CB87FC /* CHMLogoutCell.xib in Resources */,
				C0F25A5E2095BC1900C6BCA6 /* Assets.xcassets in Resources */,
				C0EFDBA2209C142500848710 /* CHMCreateGroupController.xib in Resources */,
				C066ED982099E45500CB87FC /* CHMAccountSettingCell.xib in Resources */,
				C066ED8C2099C98F00CB87FC /* CHMConversationController.xib in Resources */,
			);
			runOnlyForDeploymentPostprocessing = 0;
		};
/* End PBXResourcesBuildPhase section */

/* Begin PBXShellScriptBuildPhase section */
		57B32127D87695FC815D5ADB /* [CP] Copy Pods Resources */ = {
			isa = PBXShellScriptBuildPhase;
			buildActionMask = 2147483647;
			files = (
			);
			inputPaths = (
				"${SRCROOT}/Pods/Target Support Files/Pods-MiniChat/Pods-MiniChat-resources.sh",
				"${PODS_ROOT}/RongCloudIM/RongCloudIM/RongCloud.bundle",
				"${PODS_ROOT}/RongCloudIM/RongCloudIM/en.lproj",
				"${PODS_ROOT}/RongCloudIM/RongCloudIM/zh-Hans.lproj",
				"${PODS_ROOT}/RongCloudIM/RongCloudIM/Emoji.plist",
				"${PODS_ROOT}/RongCloudIM/RongCloudIM/RCConfig.plist",
			);
			name = "[CP] Copy Pods Resources";
			outputPaths = (
				"${TARGET_BUILD_DIR}/${UNLOCALIZED_RESOURCES_FOLDER_PATH}/RongCloud.bundle",
				"${TARGET_BUILD_DIR}/${UNLOCALIZED_RESOURCES_FOLDER_PATH}/en.lproj",
				"${TARGET_BUILD_DIR}/${UNLOCALIZED_RESOURCES_FOLDER_PATH}/zh-Hans.lproj",
				"${TARGET_BUILD_DIR}/${UNLOCALIZED_RESOURCES_FOLDER_PATH}/Emoji.plist",
				"${TARGET_BUILD_DIR}/${UNLOCALIZED_RESOURCES_FOLDER_PATH}/RCConfig.plist",
			);
			runOnlyForDeploymentPostprocessing = 0;
			shellPath = /bin/sh;
			shellScript = "\"${SRCROOT}/Pods/Target Support Files/Pods-MiniChat/Pods-MiniChat-resources.sh\"\n";
			showEnvVarsInLog = 0;
		};
		93C2056E26D927B2BF2ADEFB /* [CP] Embed Pods Frameworks */ = {
			isa = PBXShellScriptBuildPhase;
			buildActionMask = 2147483647;
			files = (
			);
			inputPaths = (
				"${SRCROOT}/Pods/Target Support Files/Pods-MiniChat/Pods-MiniChat-frameworks.sh",
				"${BUILT_PRODUCTS_DIR}/AFNetworking/AFNetworking.framework",
				"${BUILT_PRODUCTS_DIR}/IQKeyboardManager/IQKeyboardManager.framework",
				"${BUILT_PRODUCTS_DIR}/MJExtension/MJExtension.framework",
				"${BUILT_PRODUCTS_DIR}/MJRefresh/MJRefresh.framework",
				"${BUILT_PRODUCTS_DIR}/Masonry/Masonry.framework",
				"${BUILT_PRODUCTS_DIR}/SDWebImage/SDWebImage.framework",
				"${BUILT_PRODUCTS_DIR}/SVProgressHUD/SVProgressHUD.framework",
			);
			name = "[CP] Embed Pods Frameworks";
			outputPaths = (
				"${TARGET_BUILD_DIR}/${FRAMEWORKS_FOLDER_PATH}/AFNetworking.framework",
				"${TARGET_BUILD_DIR}/${FRAMEWORKS_FOLDER_PATH}/IQKeyboardManager.framework",
				"${TARGET_BUILD_DIR}/${FRAMEWORKS_FOLDER_PATH}/MJExtension.framework",
				"${TARGET_BUILD_DIR}/${FRAMEWORKS_FOLDER_PATH}/MJRefresh.framework",
				"${TARGET_BUILD_DIR}/${FRAMEWORKS_FOLDER_PATH}/Masonry.framework",
				"${TARGET_BUILD_DIR}/${FRAMEWORKS_FOLDER_PATH}/SDWebImage.framework",
				"${TARGET_BUILD_DIR}/${FRAMEWORKS_FOLDER_PATH}/SVProgressHUD.framework",
			);
			runOnlyForDeploymentPostprocessing = 0;
			shellPath = /bin/sh;
			shellScript = "\"${SRCROOT}/Pods/Target Support Files/Pods-MiniChat/Pods-MiniChat-frameworks.sh\"\n";
			showEnvVarsInLog = 0;
		};
		F0CB8FF72198BA1B7CB593E9 /* [CP] Check Pods Manifest.lock */ = {
			isa = PBXShellScriptBuildPhase;
			buildActionMask = 2147483647;
			files = (
			);
			inputPaths = (
				"${PODS_PODFILE_DIR_PATH}/Podfile.lock",
				"${PODS_ROOT}/Manifest.lock",
			);
			name = "[CP] Check Pods Manifest.lock";
			outputPaths = (
				"$(DERIVED_FILE_DIR)/Pods-MiniChat-checkManifestLockResult.txt",
			);
			runOnlyForDeploymentPostprocessing = 0;
			shellPath = /bin/sh;
			shellScript = "diff \"${PODS_PODFILE_DIR_PATH}/Podfile.lock\" \"${PODS_ROOT}/Manifest.lock\" > /dev/null\nif [ $? != 0 ] ; then\n    # print error to STDERR\n    echo \"error: The sandbox is not in sync with the Podfile.lock. Run 'pod install' or update your CocoaPods installation.\" >&2\n    exit 1\nfi\n# This output is used by Xcode 'outputs' to avoid re-running this script phase.\necho \"SUCCESS\" > \"${SCRIPT_OUTPUT_FILE_0}\"\n";
			showEnvVarsInLog = 0;
		};
/* End PBXShellScriptBuildPhase section */

/* Begin PBXSourcesBuildPhase section */
		C0F25A4D2095BC1800C6BCA6 /* Sources */ = {
			isa = PBXSourcesBuildPhase;
			buildActionMask = 2147483647;
			files = (
				C0EFDB9C209C050100848710 /* CHMSelectMemberCell.m in Sources */,
				C066EDA6209A7E7600CB87FC /* CHMSectionHeaderView.m in Sources */,
				C0EAA63B2098819F0046F05C /* UIImageView+CHMImageView.m in Sources */,
				C0EAA5ED20981EE70046F05C /* CHMLoginController.m in Sources */,
				C0EAA60B20985DDD0046F05C /* CHMContactsController.m in Sources */,
				C0EAA6402098B63D0046F05C /* CHMChatRoomCell.m in Sources */,
				C066EDAA209A804F00CB87FC /* UILabel+CHMLabel.m in Sources */,
				C0EAA62A2098723B0046F05C /* CHMMineDetailCell.m in Sources */,
				C066EDB7209A9C7E00CB87FC /* CHMContactHeaderView.m in Sources */,
				C066ED8B2099C98F00CB87FC /* CHMConversationController.m in Sources */,
				C0EAA60820985DCC0046F05C /* CHMChatRoomController.m in Sources */,
				C066EDC4209BDCEB00CB87FC /* CHMSelectMemberController.m in Sources */,
				C066ED912099E2C500CB87FC /* CHMAccountSettingController.m in Sources */,
				C066EDC8209BDE5800CB87FC /* CHMBarButtonItem.m in Sources */,
				C0EAA621209870E10046F05C /* RCUnderlineTextField.m in Sources */,
				C066EDBD209AB6E300CB87FC /* CHMUserDetailFooter.m in Sources */,
				C0EAA6442098B7C80046F05C /* CHMChatRoomModel.m in Sources */,
				C0EAA5F2209823F40046F05C /* CHMRegisterController.m in Sources */,
				C0EAA62F209872520046F05C /* CHMMineItemCell.m in Sources */,
				C066ED9C2099E47600CB87FC /* CHMLogoutCell.m in Sources */,
				C066EDA2209A7B7300CB87FC /* CHMContactCell.m in Sources */,
				C066EDAE209A82EB00CB87FC /* CHMFriendModel.m in Sources */,
				C0EAA617209866D60046F05C /* UIColor+CHMColor.m in Sources */,
				C0EAA60E20985DEE0046F05C /* CHMConversationListController.m in Sources */,
				C0EFDBA1209C142500848710 /* CHMCreateGroupController.m in Sources */,
				C0F25A642095BC1900C6BCA6 /* main.m in Sources */,
				C0F25A562095BC1800C6BCA6 /* AppDelegate.m in Sources */,
				C066ED972099E45500CB87FC /* CHMAccountSettingCell.m in Sources */,
				C0EAA5D72097E8210046F05C /* CHMHttpTool.m in Sources */,
				C066EDB3209A862300CB87FC /* CHMUserDetailController.m in Sources */,
				C0EAA622209870E10046F05C /* CHMTableViewController.m in Sources */,
				C0EAA5F92098270B0046F05C /* CHMProgressHUD.m in Sources */,
				C0EAA5F62098259D0046F05C /* CHMRongTokenResponse.m in Sources */,
				C066EDD0209BE4AD00CB87FC /* UIImage+CHMImage.m in Sources */,
				C066EDCC209BE31600CB87FC /* KxMenu.m in Sources */,
				C0EAA6252098713E0046F05C /* CHMMineController.m in Sources */,
				C0EAA5FE20984F2D0046F05C /* CHMMainController.m in Sources */,
			);
			runOnlyForDeploymentPostprocessing = 0;
		};
/* End PBXSourcesBuildPhase section */

/* Begin PBXVariantGroup section */
		C0F25A5F2095BC1900C6BCA6 /* LaunchScreen.storyboard */ = {
			isa = PBXVariantGroup;
			children = (
				C0F25A602095BC1900C6BCA6 /* Base */,
			);
			name = LaunchScreen.storyboard;
			sourceTree = "<group>";
		};
/* End PBXVariantGroup section */

/* Begin XCBuildConfiguration section */
		C0F25A652095BC1900C6BCA6 /* Debug */ = {
			isa = XCBuildConfiguration;
			buildSettings = {
				ALWAYS_SEARCH_USER_PATHS = NO;
				CLANG_ANALYZER_NONNULL = YES;
				CLANG_ANALYZER_NUMBER_OBJECT_CONVERSION = YES_AGGRESSIVE;
				CLANG_CXX_LANGUAGE_STANDARD = "gnu++14";
				CLANG_CXX_LIBRARY = "libc++";
				CLANG_ENABLE_MODULES = YES;
				CLANG_ENABLE_OBJC_ARC = YES;
				CLANG_ENABLE_OBJC_WEAK = YES;
				CLANG_WARN_BLOCK_CAPTURE_AUTORELEASING = YES;
				CLANG_WARN_BOOL_CONVERSION = YES;
				CLANG_WARN_COMMA = YES;
				CLANG_WARN_CONSTANT_CONVERSION = YES;
				CLANG_WARN_DEPRECATED_OBJC_IMPLEMENTATIONS = YES;
				CLANG_WARN_DIRECT_OBJC_ISA_USAGE = YES_ERROR;
				CLANG_WARN_DOCUMENTATION_COMMENTS = YES;
				CLANG_WARN_EMPTY_BODY = YES;
				CLANG_WARN_ENUM_CONVERSION = YES;
				CLANG_WARN_INFINITE_RECURSION = YES;
				CLANG_WARN_INT_CONVERSION = YES;
				CLANG_WARN_NON_LITERAL_NULL_CONVERSION = YES;
				CLANG_WARN_OBJC_IMPLICIT_RETAIN_SELF = YES;
				CLANG_WARN_OBJC_LITERAL_CONVERSION = YES;
				CLANG_WARN_OBJC_ROOT_CLASS = YES_ERROR;
				CLANG_WARN_RANGE_LOOP_ANALYSIS = YES;
				CLANG_WARN_STRICT_PROTOTYPES = YES;
				CLANG_WARN_SUSPICIOUS_MOVE = YES;
				CLANG_WARN_UNGUARDED_AVAILABILITY = YES_AGGRESSIVE;
				CLANG_WARN_UNREACHABLE_CODE = YES;
				CLANG_WARN__DUPLICATE_METHOD_MATCH = YES;
				CODE_SIGN_IDENTITY = "iPhone Developer";
				COPY_PHASE_STRIP = NO;
				DEBUG_INFORMATION_FORMAT = dwarf;
				ENABLE_STRICT_OBJC_MSGSEND = YES;
				ENABLE_TESTABILITY = YES;
				GCC_C_LANGUAGE_STANDARD = gnu11;
				GCC_DYNAMIC_NO_PIC = NO;
				GCC_NO_COMMON_BLOCKS = YES;
				GCC_OPTIMIZATION_LEVEL = 0;
				GCC_PREPROCESSOR_DEFINITIONS = (
					"DEBUG=1",
					"$(inherited)",
				);
				GCC_WARN_64_TO_32_BIT_CONVERSION = YES;
				GCC_WARN_ABOUT_RETURN_TYPE = YES_ERROR;
				GCC_WARN_UNDECLARED_SELECTOR = YES;
				GCC_WARN_UNINITIALIZED_AUTOS = YES_AGGRESSIVE;
				GCC_WARN_UNUSED_FUNCTION = YES;
				GCC_WARN_UNUSED_VARIABLE = YES;
				IPHONEOS_DEPLOYMENT_TARGET = 11.3;
				MTL_ENABLE_DEBUG_INFO = YES;
				ONLY_ACTIVE_ARCH = YES;
				SDKROOT = iphoneos;
			};
			name = Debug;
		};
		C0F25A662095BC1900C6BCA6 /* Release */ = {
			isa = XCBuildConfiguration;
			buildSettings = {
				ALWAYS_SEARCH_USER_PATHS = NO;
				CLANG_ANALYZER_NONNULL = YES;
				CLANG_ANALYZER_NUMBER_OBJECT_CONVERSION = YES_AGGRESSIVE;
				CLANG_CXX_LANGUAGE_STANDARD = "gnu++14";
				CLANG_CXX_LIBRARY = "libc++";
				CLANG_ENABLE_MODULES = YES;
				CLANG_ENABLE_OBJC_ARC = YES;
				CLANG_ENABLE_OBJC_WEAK = YES;
				CLANG_WARN_BLOCK_CAPTURE_AUTORELEASING = YES;
				CLANG_WARN_BOOL_CONVERSION = YES;
				CLANG_WARN_COMMA = YES;
				CLANG_WARN_CONSTANT_CONVERSION = YES;
				CLANG_WARN_DEPRECATED_OBJC_IMPLEMENTATIONS = YES;
				CLANG_WARN_DIRECT_OBJC_ISA_USAGE = YES_ERROR;
				CLANG_WARN_DOCUMENTATION_COMMENTS = YES;
				CLANG_WARN_EMPTY_BODY = YES;
				CLANG_WARN_ENUM_CONVERSION = YES;
				CLANG_WARN_INFINITE_RECURSION = YES;
				CLANG_WARN_INT_CONVERSION = YES;
				CLANG_WARN_NON_LITERAL_NULL_CONVERSION = YES;
				CLANG_WARN_OBJC_IMPLICIT_RETAIN_SELF = YES;
				CLANG_WARN_OBJC_LITERAL_CONVERSION = YES;
				CLANG_WARN_OBJC_ROOT_CLASS = YES_ERROR;
				CLANG_WARN_RANGE_LOOP_ANALYSIS = YES;
				CLANG_WARN_STRICT_PROTOTYPES = YES;
				CLANG_WARN_SUSPICIOUS_MOVE = YES;
				CLANG_WARN_UNGUARDED_AVAILABILITY = YES_AGGRESSIVE;
				CLANG_WARN_UNREACHABLE_CODE = YES;
				CLANG_WARN__DUPLICATE_METHOD_MATCH = YES;
				CODE_SIGN_IDENTITY = "iPhone Developer";
				COPY_PHASE_STRIP = NO;
				DEBUG_INFORMATION_FORMAT = "dwarf-with-dsym";
				ENABLE_NS_ASSERTIONS = NO;
				ENABLE_STRICT_OBJC_MSGSEND = YES;
				GCC_C_LANGUAGE_STANDARD = gnu11;
				GCC_NO_COMMON_BLOCKS = YES;
				GCC_WARN_64_TO_32_BIT_CONVERSION = YES;
				GCC_WARN_ABOUT_RETURN_TYPE = YES_ERROR;
				GCC_WARN_UNDECLARED_SELECTOR = YES;
				GCC_WARN_UNINITIALIZED_AUTOS = YES_AGGRESSIVE;
				GCC_WARN_UNUSED_FUNCTION = YES;
				GCC_WARN_UNUSED_VARIABLE = YES;
				IPHONEOS_DEPLOYMENT_TARGET = 11.3;
				MTL_ENABLE_DEBUG_INFO = NO;
				SDKROOT = iphoneos;
				VALIDATE_PRODUCT = YES;
			};
			name = Release;
		};
		C0F25A682095BC1900C6BCA6 /* Debug */ = {
			isa = XCBuildConfiguration;
			baseConfigurationReference = C55E4F23FBEA5E9FC8BF1C94 /* Pods-MiniChat.debug.xcconfig */;
			buildSettings = {
				ASSETCATALOG_COMPILER_APPICON_NAME = AppIcon;
				CLANG_ENABLE_MODULES = YES;
				CODE_SIGN_STYLE = Automatic;
				DEVELOPMENT_TEAM = SGYD3BGQ2N;
				GCC_PREFIX_HEADER = /Users/chenhuamou/Desktop/miniChat/MiniChat/MiniChat/PrefixHeader.pch;
				INFOPLIST_FILE = MiniChat/Info.plist;
				IPHONEOS_DEPLOYMENT_TARGET = 10.0;
				LD_RUNPATH_SEARCH_PATHS = (
					"$(inherited)",
					"@executable_path/Frameworks",
				);
				PRODUCT_BUNDLE_IDENTIFIER = info.huamouchen.MiniChat;
				PRODUCT_NAME = "$(TARGET_NAME)";
				SWIFT_OBJC_BRIDGING_HEADER = "";
				SWIFT_OPTIMIZATION_LEVEL = "-Onone";
				SWIFT_SWIFT3_OBJC_INFERENCE = On;
				SWIFT_VERSION = 4.0;
				TARGETED_DEVICE_FAMILY = 1;
			};
			name = Debug;
		};
		C0F25A692095BC1900C6BCA6 /* Release */ = {
			isa = XCBuildConfiguration;
			baseConfigurationReference = 79BE6016547BAA125EC667D1 /* Pods-MiniChat.release.xcconfig */;
			buildSettings = {
				ASSETCATALOG_COMPILER_APPICON_NAME = AppIcon;
				CLANG_ENABLE_MODULES = YES;
				CODE_SIGN_STYLE = Automatic;
				DEVELOPMENT_TEAM = SGYD3BGQ2N;
				GCC_PREFIX_HEADER = /Users/chenhuamou/Desktop/miniChat/MiniChat/MiniChat/PrefixHeader.pch;
				INFOPLIST_FILE = MiniChat/Info.plist;
				IPHONEOS_DEPLOYMENT_TARGET = 10.0;
				LD_RUNPATH_SEARCH_PATHS = (
					"$(inherited)",
					"@executable_path/Frameworks",
				);
				PRODUCT_BUNDLE_IDENTIFIER = info.huamouchen.MiniChat;
				PRODUCT_NAME = "$(TARGET_NAME)";
				SWIFT_OBJC_BRIDGING_HEADER = "";
				SWIFT_SWIFT3_OBJC_INFERENCE = On;
				SWIFT_VERSION = 4.0;
				TARGETED_DEVICE_FAMILY = 1;
			};
			name = Release;
		};
/* End XCBuildConfiguration section */

/* Begin XCConfigurationList section */
		C0F25A4C2095BC1800C6BCA6 /* Build configuration list for PBXProject "MiniChat" */ = {
			isa = XCConfigurationList;
			buildConfigurations = (
				C0F25A652095BC1900C6BCA6 /* Debug */,
				C0F25A662095BC1900C6BCA6 /* Release */,
			);
			defaultConfigurationIsVisible = 0;
			defaultConfigurationName = Release;
		};
		C0F25A672095BC1900C6BCA6 /* Build configuration list for PBXNativeTarget "MiniChat" */ = {
			isa = XCConfigurationList;
			buildConfigurations = (
				C0F25A682095BC1900C6BCA6 /* Debug */,
				C0F25A692095BC1900C6BCA6 /* Release */,
			);
			defaultConfigurationIsVisible = 0;
			defaultConfigurationName = Release;
		};
/* End XCConfigurationList section */
	};
	rootObject = C0F25A492095BC1800C6BCA6 /* Project object */;
}
